
Microsoft Visual Studio Solution File, Format Version 12.00
# Visual Studio Version 16
VisualStudioVersion = 16.0.30204.135
MinimumVisualStudioVersion = 10.0.40219.1
Project("{FAE04EC0-301F-11D3-BF4B-00C04F79EFBC}") = "NPOIDemo", "NPOIDemo\NPOIDemo.csproj", "{B170BF56-D0FB-4FB0-9235-4A8DA6115B4F}"
EndProject
Global
	GlobalSection(SolutionConfigurationPlatforms) = preSolution
		Debug|Any CPU = Debug|Any CPU
		Release|Any CPU = Release|Any CPU
	EndGlobalSection
	GlobalSection(ProjectConfigurationPlatforms) = postSolution
		{B170BF56-D0FB-4FB0-9235-4A8DA6115B4F}.Debug|Any CPU.ActiveCfg = Debug|Any CPU
		{B170BF56-D0FB-4FB0-9235-4A8DA6115B4F}.Debug|Any CPU.Build.0 = Debug|Any CPU
		{B170BF56-D0FB-4FB0-9235-4A8DA6115B4F}.Release|Any CPU.ActiveCfg = Release|Any CPU
		{B170BF56-D0FB-4FB0-9235-4A8DA6115B4F}.Release|Any CPU.Build.0 = Release|Any CPU
	EndGlobalSection
	GlobalSection(SolutionProperties) = preSolution
		HideSolutionNode = FALSE
	EndGlobalSection
	GlobalSection(ExtensibilityGlobals) = postSolution
		SolutionGuid = {EEA5AA20-E58F-4257-BCD6-C10BA467CA3D}
	EndGlobalSection
EndGlobal
